
Microsoft Visual Studio Solution File, Format Version 11.00
# Visual Studio 2010
Project("{FAE04EC0-301F-11D3-BF4B-00C04F79EFBC}") = "TiddlyCsv", "TiddlyCsv\TiddlyCsv.csproj", "{CF611E7D-50A6-4C13-834A-40F8BA88C219}"
EndProject
Project("{FAE04EC0-301F-11D3-BF4B-00C04F79EFBC}") = "TiddlyCsv.Tests", "TiddlyCsv.Tests\TiddlyCsv.Tests.csproj", "{E6EA7CC5-617D-4A59-9964-A1A9C431EEF8}"
EndProject
Project("{2150E333-8FDC-42A3-9474-1A3956D46DE8}") = "Documents", "Documents", "{22B3D0F4-439F-4E42-B801-4C23F5188928}"
	ProjectSection(SolutionItems) = preProject
		CustomDictionary.xml = CustomDictionary.xml
		..\readme.md = ..\readme.md
	EndProjectSection
EndProject
Global
	GlobalSection(SolutionConfigurationPlatforms) = preSolution
		Debug|Any CPU = Debug|Any CPU
		Release|Any CPU = Release|Any CPU
	EndGlobalSection
	GlobalSection(ProjectConfigurationPlatforms) = postSolution
		{CF611E7D-50A6-4C13-834A-40F8BA88C219}.Debug|Any CPU.ActiveCfg = Debug|Any CPU
		{CF611E7D-50A6-4C13-834A-40F8BA88C219}.Debug|Any CPU.Build.0 = Debug|Any CPU
		{CF611E7D-50A6-4C13-834A-40F8BA88C219}.Release|Any CPU.ActiveCfg = Release|Any CPU
		{CF611E7D-50A6-4C13-834A-40F8BA88C219}.Release|Any CPU.Build.0 = Release|Any CPU
		{E6EA7CC5-617D-4A59-9964-A1A9C431EEF8}.Debug|Any CPU.ActiveCfg = Debug|Any CPU
		{E6EA7CC5-617D-4A59-9964-A1A9C431EEF8}.Debug|Any CPU.Build.0 = Debug|Any CPU
		{E6EA7CC5-617D-4A59-9964-A1A9C431EEF8}.Release|Any CPU.ActiveCfg = Release|Any CPU
		{E6EA7CC5-617D-4A59-9964-A1A9C431EEF8}.Release|Any CPU.Build.0 = Release|Any CPU
	EndGlobalSection
	GlobalSection(SolutionProperties) = preSolution
		HideSolutionNode = FALSE
	EndGlobalSection
EndGlobal
